
Microsoft Visual Studio Solution File, Format Version 12.00
# Visual Studio Version 16
VisualStudioVersion = 16.0.30011.22
MinimumVisualStudioVersion = 10.0.40219.1
Project("{FAE04EC0-301F-11D3-BF4B-00C04F79EFBC}") = "BenchmarckBible", "BenchmarckBible.csproj", "{34BDF161-70AF-45F3-94BB-262ADB560D78}"
EndProject
Global
	GlobalSection(SolutionConfigurationPlatforms) = preSolution
		Debug|Any CPU = Debug|Any CPU
		Release|Any CPU = Release|Any CPU
	EndGlobalSection
	GlobalSection(ProjectConfigurationPlatforms) = postSolution
		{34BDF161-70AF-45F3-94BB-262ADB560D78}.Debug|Any CPU.ActiveCfg = Debug|Any CPU
		{34BDF161-70AF-45F3-94BB-262ADB560D78}.Debug|Any CPU.Build.0 = Debug|Any CPU
		{34BDF161-70AF-45F3-94BB-262ADB560D78}.Release|Any CPU.ActiveCfg = Release|Any CPU
		{34BDF161-70AF-45F3-94BB-262ADB560D78}.Release|Any CPU.Build.0 = Release|Any CPU
	EndGlobalSection
	GlobalSection(SolutionProperties) = preSolution
		HideSolutionNode = FALSE
	EndGlobalSection
	GlobalSection(ExtensibilityGlobals) = postSolution
		SolutionGuid = {3242236A-0B0D-4522-8D7B-48BF499A34C9}
	EndGlobalSection
EndGlobal
